
Microsoft Visual Studio Solution File, Format Version 12.00
# Visual Studio Version 17
VisualStudioVersion = 17.14.36511.14
MinimumVisualStudioVersion = 10.0.40219.1
Project("{2150E333-8FDC-42A3-9474-1A3956D46DE8}") = "Task0", "Task0", "{02EA681E-C7D8-13C7-8484-4AC65E1B71E8}"
EndProject
Project("{FAE04EC0-301F-11D3-BF4B-00C04F79EFBC}") = "Tyuiu.MalchikhinaVV.Sprint2.Task0.V29", "Tyuiu.MalchikhinaVV.Sprint2.Task0.V29\Tyuiu.MalchikhinaVV.Sprint2.Task0.V29.csproj", "{79B250C2-A3DC-47D5-A93F-D0FCF9D9D3A2}"
EndProject
Project("{FAE04EC0-301F-11D3-BF4B-00C04F79EFBC}") = "Tyuiu.MalchikhinaVV.Sprint2.Task0.V29.Lib", "Tyuiu.MalchikhinaVV.Sprint2.Task0.V29.Lib\Tyuiu.MalchikhinaVV.Sprint2.Task0.V29.Lib.csproj", "{1A6105D5-E57F-4966-88B9-C472F5EFC71B}"
EndProject
Project("{FAE04EC0-301F-11D3-BF4B-00C04F79EFBC}") = "Tyuiu.MalchikhinaVV.Sprint2.Task0.V29.Test", "Tyuiu.MalchikhinaVV.Sprint2.Task0.V29.Test\Tyuiu.MalchikhinaVV.Sprint2.Task0.V29.Test.csproj", "{AC91C2F4-003C-4320-A16B-1D1E4DCE6171}"
EndProject
Project("{2150E333-8FDC-42A3-9474-1A3956D46DE8}") = "Task1", "Task1", "{C4A290A8-9C29-47B5-9ED4-8CDB81474A09}"
EndProject
Project("{FAE04EC0-301F-11D3-BF4B-00C04F79EFBC}") = "Tyuiu.MalchikhinaVV.Sprint2.Task1.V10", "Tyuiu.MalchikhinaVV.Sprint2.Task1.V10\Tyuiu.MalchikhinaVV.Sprint2.Task1.V10.csproj", "{867FB730-257A-4F97-86B0-8D1006EDEBB5}"
EndProject
Project("{FAE04EC0-301F-11D3-BF4B-00C04F79EFBC}") = "Tyuiu.MalchikhinaVV.Sprint2.Task1.V10.Lib", "Tyuiu.MalchikhinaVV.Sprint2.Task1.V10.Lib\Tyuiu.MalchikhinaVV.Sprint2.Task1.V10.Lib.csproj", "{089835DC-8895-41BE-8ACA-38BA25468A51}"
EndProject
Project("{FAE04EC0-301F-11D3-BF4B-00C04F79EFBC}") = "Tyuiu.MalchikhinaVV.Sprint2.Task1.V10.Test", "Tyuiu.MalchikhinaVV.Sprint2.Task1.V10.Test\Tyuiu.MalchikhinaVV.Sprint2.Task1.V10.Test.csproj", "{34924EFB-4E9B-406C-A610-50AB22199ED2}"
EndProject
Project("{2150E333-8FDC-42A3-9474-1A3956D46DE8}") = "Task2", "Task2", "{F7443FF7-8320-4ED5-9E32-72D7960EE988}"
EndProject
Project("{FAE04EC0-301F-11D3-BF4B-00C04F79EFBC}") = "Tyuiu.MalchikhinaVV.Sprint2.Task2.V11", "Tyuiu.MalchikhinaVV.Sprint2.Task2.V11\Tyuiu.MalchikhinaVV.Sprint2.Task2.V11.csproj", "{1BBFD026-53AC-47E6-B7E2-BCE814BF20EC}"
EndProject
Project("{FAE04EC0-301F-11D3-BF4B-00C04F79EFBC}") = "Tyuiu.MalchikhinaVV.Sprint2.Task2.V11.Lib", "Tyuiu.MalchikhinaVV.Sprint2.Task2.V11.Lib\Tyuiu.MalchikhinaVV.Sprint2.Task2.V11.Lib.csproj", "{DD91F18E-46FC-4225-BD06-70F0E5CFABB0}"
EndProject
Project("{FAE04EC0-301F-11D3-BF4B-00C04F79EFBC}") = "Tyuiu.MalchikhinaVV.Sprint2.Task2.V11.Test", "Tyuiu.MalchikhinaVV.Sprint2.Task2.V11.Test\Tyuiu.MalchikhinaVV.Sprint2.Task2.V11.Test.csproj", "{B834D304-E0BE-476B-B5ED-8D0C9170D28A}"
EndProject
Project("{2150E333-8FDC-42A3-9474-1A3956D46DE8}") = "Task3", "Task3", "{F04C6C78-CD5E-48C6-8F35-F5864DBD9687}"
EndProject
Project("{FAE04EC0-301F-11D3-BF4B-00C04F79EFBC}") = "Tyuiu.MalchikhinaVV.Sprint2.Task3.V23", "Tyuiu.MalchikhinaVV.Sprint2.Task3.V23\Tyuiu.MalchikhinaVV.Sprint2.Task3.V23.csproj", "{8CB81EAF-957A-415A-80A3-9B592F68434E}"
EndProject
Project("{FAE04EC0-301F-11D3-BF4B-00C04F79EFBC}") = "Tyuiu.MalchikhinaVV.Sprint2.Task3.V23.Lib", "Tyuiu.MalchikhinaVV.Sprint2.Task3.V23.Lib\Tyuiu.MalchikhinaVV.Sprint2.Task3.V23.Lib.csproj", "{916BA1D5-2B3D-4FEE-8DD3-E44733EAEC7B}"
EndProject
Project("{FAE04EC0-301F-11D3-BF4B-00C04F79EFBC}") = "Tyuiu.MalchikhinaVV.Sprint2.Task3.V23.Test", "Tyuiu.MalchikhinaVV.Sprint2.Task3.V23.Test\Tyuiu.MalchikhinaVV.Sprint2.Task3.V23.Test.csproj", "{4C629BB1-2F9D-4BAC-9A32-7F37CC809F7C}"
EndProject
Project("{2150E333-8FDC-42A3-9474-1A3956D46DE8}") = "Task4", "Task4", "{C15DBC9A-26FB-4AE6-AE70-4F1365C33F69}"
EndProject
Project("{FAE04EC0-301F-11D3-BF4B-00C04F79EFBC}") = "Tyuiu.MalchikhinaVV.Sprint2.Task4.V4", "Tyuiu.MalchikhinaVV.Sprint2.Task4.V4\Tyuiu.MalchikhinaVV.Sprint2.Task4.V4.csproj", "{EBFD6918-A6FB-4E93-AD25-B0E02276C975}"
EndProject
Project("{FAE04EC0-301F-11D3-BF4B-00C04F79EFBC}") = "Tyuiu.MalchikhinaVV.Sprint2.Task4.V4.Lib", "Tyuiu.MalchikhinaVV.Sprint2.Task4.V4.Lib\Tyuiu.MalchikhinaVV.Sprint2.Task4.V4.Lib.csproj", "{E9C35B7B-A31F-4A26-B0ED-E9BD1FC62B94}"
EndProject
Project("{FAE04EC0-301F-11D3-BF4B-00C04F79EFBC}") = "Tyuiu.MalchikhinaVV.Sprint2.Task4.V4.Test", "Tyuiu.MalchikhinaVV.Sprint2.Task4.V4.Test\Tyuiu.MalchikhinaVV.Sprint2.Task4.V4.Test.csproj", "{A5D21337-9F71-4394-8D4F-6886FC2595C7}"
EndProject
Global
	GlobalSection(SolutionConfigurationPlatforms) = preSolution
		Debug|Any CPU = Debug|Any CPU
		Release|Any CPU = Release|Any CPU
	EndGlobalSection
	GlobalSection(ProjectConfigurationPlatforms) = postSolution
		{79B250C2-A3DC-47D5-A93F-D0FCF9D9D3A2}.Debug|Any CPU.ActiveCfg = Debug|Any CPU
		{79B250C2-A3DC-47D5-A93F-D0FCF9D9D3A2}.Debug|Any CPU.Build.0 = Debug|Any CPU
		{79B250C2-A3DC-47D5-A93F-D0FCF9D9D3A2}.Release|Any CPU.ActiveCfg = Release|Any CPU
		{79B250C2-A3DC-47D5-A93F-D0FCF9D9D3A2}.Release|Any CPU.Build.0 = Release|Any CPU
		{1A6105D5-E57F-4966-88B9-C472F5EFC71B}.Debug|Any CPU.ActiveCfg = Debug|Any CPU
		{1A6105D5-E57F-4966-88B9-C472F5EFC71B}.Debug|Any CPU.Build.0 = Debug|Any CPU
		{1A6105D5-E57F-4966-88B9-C472F5EFC71B}.Release|Any CPU.ActiveCfg = Release|Any CPU
		{1A6105D5-E57F-4966-88B9-C472F5EFC71B}.Release|Any CPU.Build.0 = Release|Any CPU
		{AC91C2F4-003C-4320-A16B-1D1E4DCE6171}.Debug|Any CPU.ActiveCfg = Debug|Any CPU
		{AC91C2F4-003C-4320-A16B-1D1E4DCE6171}.Debug|Any CPU.Build.0 = Debug|Any CPU
		{AC91C2F4-003C-4320-A16B-1D1E4DCE6171}.Release|Any CPU.ActiveCfg = Release|Any CPU
		{AC91C2F4-003C-4320-A16B-1D1E4DCE6171}.Release|Any CPU.Build.0 = Release|Any CPU
		{867FB730-257A-4F97-86B0-8D1006EDEBB5}.Debug|Any CPU.ActiveCfg = Debug|Any CPU
		{867FB730-257A-4F97-86B0-8D1006EDEBB5}.Debug|Any CPU.Build.0 = Debug|Any CPU
		{867FB730-257A-4F97-86B0-8D1006EDEBB5}.Release|Any CPU.ActiveCfg = Release|Any CPU
		{867FB730-257A-4F97-86B0-8D1006EDEBB5}.Release|Any CPU.Build.0 = Release|Any CPU
		{089835DC-8895-41BE-8ACA-38BA25468A51}.Debug|Any CPU.ActiveCfg = Debug|Any CPU
		{089835DC-8895-41BE-8ACA-38BA25468A51}.Debug|Any CPU.Build.0 = Debug|Any CPU
		{089835DC-8895-41BE-8ACA-38BA25468A51}.Release|Any CPU.ActiveCfg = Release|Any CPU
		{089835DC-8895-41BE-8ACA-38BA25468A51}.Release|Any CPU.Build.0 = Release|Any CPU
		{34924EFB-4E9B-406C-A610-50AB22199ED2}.Debug|Any CPU.ActiveCfg = Debug|Any CPU
		{34924EFB-4E9B-406C-A610-50AB22199ED2}.Debug|Any CPU.Build.0 = Debug|Any CPU
		{34924EFB-4E9B-406C-A610-50AB22199ED2}.Release|Any CPU.ActiveCfg = Release|Any CPU
		{34924EFB-4E9B-406C-A610-50AB22199ED2}.Release|Any CPU.Build.0 = Release|Any CPU
		{1BBFD026-53AC-47E6-B7E2-BCE814BF20EC}.Debug|Any CPU.ActiveCfg = Debug|Any CPU
		{1BBFD026-53AC-47E6-B7E2-BCE814BF20EC}.Debug|Any CPU.Build.0 = Debug|Any CPU
		{1BBFD026-53AC-47E6-B7E2-BCE814BF20EC}.Release|Any CPU.ActiveCfg = Release|Any CPU
		{1BBFD026-53AC-47E6-B7E2-BCE814BF20EC}.Release|Any CPU.Build.0 = Release|Any CPU
		{DD91F18E-46FC-4225-BD06-70F0E5CFABB0}.Debug|Any CPU.ActiveCfg = Debug|Any CPU
		{DD91F18E-46FC-4225-BD06-70F0E5CFABB0}.Debug|Any CPU.Build.0 = Debug|Any CPU
		{DD91F18E-46FC-4225-BD06-70F0E5CFABB0}.Release|Any CPU.ActiveCfg = Release|Any CPU
		{DD91F18E-46FC-4225-BD06-70F0E5CFABB0}.Release|Any CPU.Build.0 = Release|Any CPU
		{B834D304-E0BE-476B-B5ED-8D0C9170D28A}.Debug|Any CPU.ActiveCfg = Debug|Any CPU
		{B834D304-E0BE-476B-B5ED-8D0C9170D28A}.Debug|Any CPU.Build.0 = Debug|Any CPU
		{B834D304-E0BE-476B-B5ED-8D0C9170D28A}.Release|Any CPU.ActiveCfg = Release|Any CPU
		{B834D304-E0BE-476B-B5ED-8D0C9170D28A}.Release|Any CPU.Build.0 = Release|Any CPU
		{8CB81EAF-957A-415A-80A3-9B592F68434E}.Debug|Any CPU.ActiveCfg = Debug|Any CPU
		{8CB81EAF-957A-415A-80A3-9B592F68434E}.Debug|Any CPU.Build.0 = Debug|Any CPU
		{8CB81EAF-957A-415A-80A3-9B592F68434E}.Release|Any CPU.ActiveCfg = Release|Any CPU
		{8CB81EAF-957A-415A-80A3-9B592F68434E}.Release|Any CPU.Build.0 = Release|Any CPU
		{916BA1D5-2B3D-4FEE-8DD3-E44733EAEC7B}.Debug|Any CPU.ActiveCfg = Debug|Any CPU
		{916BA1D5-2B3D-4FEE-8DD3-E44733EAEC7B}.Debug|Any CPU.Build.0 = Debug|Any CPU
		{916BA1D5-2B3D-4FEE-8DD3-E44733EAEC7B}.Release|Any CPU.ActiveCfg = Release|Any CPU
		{916BA1D5-2B3D-4FEE-8DD3-E44733EAEC7B}.Release|Any CPU.Build.0 = Release|Any CPU
		{4C629BB1-2F9D-4BAC-9A32-7F37CC809F7C}.Debug|Any CPU.ActiveCfg = Debug|Any CPU
		{4C629BB1-2F9D-4BAC-9A32-7F37CC809F7C}.Debug|Any CPU.Build.0 = Debug|Any CPU
		{4C629BB1-2F9D-4BAC-9A32-7F37CC809F7C}.Release|Any CPU.ActiveCfg = Release|Any CPU
		{4C629BB1-2F9D-4BAC-9A32-7F37CC809F7C}.Release|Any CPU.Build.0 = Release|Any CPU
		{EBFD6918-A6FB-4E93-AD25-B0E02276C975}.Debug|Any CPU.ActiveCfg = Debug|Any CPU
		{EBFD6918-A6FB-4E93-AD25-B0E02276C975}.Debug|Any CPU.Build.0 = Debug|Any CPU
		{EBFD6918-A6FB-4E93-AD25-B0E02276C975}.Release|Any CPU.ActiveCfg = Release|Any CPU
		{EBFD6918-A6FB-4E93-AD25-B0E02276C975}.Release|Any CPU.Build.0 = Release|Any CPU
		{E9C35B7B-A31F-4A26-B0ED-E9BD1FC62B94}.Debug|Any CPU.ActiveCfg = Debug|Any CPU
		{E9C35B7B-A31F-4A26-B0ED-E9BD1FC62B94}.Debug|Any CPU.Build.0 = Debug|Any CPU
		{E9C35B7B-A31F-4A26-B0ED-E9BD1FC62B94}.Release|Any CPU.ActiveCfg = Release|Any CPU
		{E9C35B7B-A31F-4A26-B0ED-E9BD1FC62B94}.Release|Any CPU.Build.0 = Release|Any CPU
		{A5D21337-9F71-4394-8D4F-6886FC2595C7}.Debug|Any CPU.ActiveCfg = Debug|Any CPU
		{A5D21337-9F71-4394-8D4F-6886FC2595C7}.Debug|Any CPU.Build.0 = Debug|Any CPU
		{A5D21337-9F71-4394-8D4F-6886FC2595C7}.Release|Any CPU.ActiveCfg = Release|Any CPU
		{A5D21337-9F71-4394-8D4F-6886FC2595C7}.Release|Any CPU.Build.0 = Release|Any CPU
	EndGlobalSection
	GlobalSection(SolutionProperties) = preSolution
		HideSolutionNode = FALSE
	EndGlobalSection
	GlobalSection(NestedProjects) = preSolution
		{79B250C2-A3DC-47D5-A93F-D0FCF9D9D3A2} = {02EA681E-C7D8-13C7-8484-4AC65E1B71E8}
		{1A6105D5-E57F-4966-88B9-C472F5EFC71B} = {02EA681E-C7D8-13C7-8484-4AC65E1B71E8}
		{AC91C2F4-003C-4320-A16B-1D1E4DCE6171} = {02EA681E-C7D8-13C7-8484-4AC65E1B71E8}
		{867FB730-257A-4F97-86B0-8D1006EDEBB5} = {C4A290A8-9C29-47B5-9ED4-8CDB81474A09}
		{089835DC-8895-41BE-8ACA-38BA25468A51} = {C4A290A8-9C29-47B5-9ED4-8CDB81474A09}
		{34924EFB-4E9B-406C-A610-50AB22199ED2} = {C4A290A8-9C29-47B5-9ED4-8CDB81474A09}
		{1BBFD026-53AC-47E6-B7E2-BCE814BF20EC} = {F7443FF7-8320-4ED5-9E32-72D7960EE988}
		{DD91F18E-46FC-4225-BD06-70F0E5CFABB0} = {F7443FF7-8320-4ED5-9E32-72D7960EE988}
		{B834D304-E0BE-476B-B5ED-8D0C9170D28A} = {F7443FF7-8320-4ED5-9E32-72D7960EE988}
		{8CB81EAF-957A-415A-80A3-9B592F68434E} = {F04C6C78-CD5E-48C6-8F35-F5864DBD9687}
		{916BA1D5-2B3D-4FEE-8DD3-E44733EAEC7B} = {F04C6C78-CD5E-48C6-8F35-F5864DBD9687}
		{4C629BB1-2F9D-4BAC-9A32-7F37CC809F7C} = {F04C6C78-CD5E-48C6-8F35-F5864DBD9687}
		{EBFD6918-A6FB-4E93-AD25-B0E02276C975} = {C15DBC9A-26FB-4AE6-AE70-4F1365C33F69}
		{E9C35B7B-A31F-4A26-B0ED-E9BD1FC62B94} = {C15DBC9A-26FB-4AE6-AE70-4F1365C33F69}
		{A5D21337-9F71-4394-8D4F-6886FC2595C7} = {C15DBC9A-26FB-4AE6-AE70-4F1365C33F69}
	EndGlobalSection
	GlobalSection(ExtensibilityGlobals) = postSolution
		SolutionGuid = {E650D4C8-BEB1-4FFA-A89A-F92042A1A164}
	EndGlobalSection
EndGlobal
