
Microsoft Visual Studio Solution File, Format Version 12.00
# Visual Studio Version 17
VisualStudioVersion = 17.14.36511.14 d17.14
MinimumVisualStudioVersion = 10.0.40219.1
Project("{2150E333-8FDC-42A3-9474-1A3956D46DE8}") = "Task0", "Task0", "{02EA681E-C7D8-13C7-8484-4AC65E1B71E8}"
EndProject
Project("{FAE04EC0-301F-11D3-BF4B-00C04F79EFBC}") = "Tyuiu.MalchikhinaVV.Sprint2.Task0.V29", "Tyuiu.MalchikhinaVV.Sprint2.Task0.V29\Tyuiu.MalchikhinaVV.Sprint2.Task0.V29.csproj", "{79B250C2-A3DC-47D5-A93F-D0FCF9D9D3A2}"
EndProject
Project("{FAE04EC0-301F-11D3-BF4B-00C04F79EFBC}") = "Tyuiu.MalchikhinaVV.Sprint2.Task0.V29.Lib", "Tyuiu.MalchikhinaVV.Sprint2.Task0.V29.Lib\Tyuiu.MalchikhinaVV.Sprint2.Task0.V29.Lib.csproj", "{1A6105D5-E57F-4966-88B9-C472F5EFC71B}"
EndProject
Project("{FAE04EC0-301F-11D3-BF4B-00C04F79EFBC}") = "Tyuiu.MalchikhinaVV.Sprint2.Task0.V29.Test", "Tyuiu.MalchikhinaVV.Sprint2.Task0.V29.Test\Tyuiu.MalchikhinaVV.Sprint2.Task0.V29.Test.csproj", "{AC91C2F4-003C-4320-A16B-1D1E4DCE6171}"
EndProject
Project("{2150E333-8FDC-42A3-9474-1A3956D46DE8}") = "Task1", "Task1", "{C4A290A8-9C29-47B5-9ED4-8CDB81474A09}"
EndProject
Project("{FAE04EC0-301F-11D3-BF4B-00C04F79EFBC}") = "Tyuiu.MalchikhinaVV.Sprint2.Task1.V10", "Tyuiu.MalchikhinaVV.Sprint2.Task1.V10\Tyuiu.MalchikhinaVV.Sprint2.Task1.V10.csproj", "{867FB730-257A-4F97-86B0-8D1006EDEBB5}"
EndProject
Project("{FAE04EC0-301F-11D3-BF4B-00C04F79EFBC}") = "Tyuiu.MalchikhinaVV.Sprint2.Task1.V10.Lib", "Tyuiu.MalchikhinaVV.Sprint2.Task1.V10.Lib\Tyuiu.MalchikhinaVV.Sprint2.Task1.V10.Lib.csproj", "{089835DC-8895-41BE-8ACA-38BA25468A51}"
EndProject
Project("{FAE04EC0-301F-11D3-BF4B-00C04F79EFBC}") = "Tyuiu.MalchikhinaVV.Sprint2.Task1.V10.Test", "Tyuiu.MalchikhinaVV.Sprint2.Task1.V10.Test\Tyuiu.MalchikhinaVV.Sprint2.Task1.V10.Test.csproj", "{34924EFB-4E9B-406C-A610-50AB22199ED2}"
EndProject
Global
	GlobalSection(SolutionConfigurationPlatforms) = preSolution
		Debug|Any CPU = Debug|Any CPU
		Release|Any CPU = Release|Any CPU
	EndGlobalSection
	GlobalSection(ProjectConfigurationPlatforms) = postSolution
		{79B250C2-A3DC-47D5-A93F-D0FCF9D9D3A2}.Debug|Any CPU.ActiveCfg = Debug|Any CPU
		{79B250C2-A3DC-47D5-A93F-D0FCF9D9D3A2}.Debug|Any CPU.Build.0 = Debug|Any CPU
		{79B250C2-A3DC-47D5-A93F-D0FCF9D9D3A2}.Release|Any CPU.ActiveCfg = Release|Any CPU
		{79B250C2-A3DC-47D5-A93F-D0FCF9D9D3A2}.Release|Any CPU.Build.0 = Release|Any CPU
		{1A6105D5-E57F-4966-88B9-C472F5EFC71B}.Debug|Any CPU.ActiveCfg = Debug|Any CPU
		{1A6105D5-E57F-4966-88B9-C472F5EFC71B}.Debug|Any CPU.Build.0 = Debug|Any CPU
		{1A6105D5-E57F-4966-88B9-C472F5EFC71B}.Release|Any CPU.ActiveCfg = Release|Any CPU
		{1A6105D5-E57F-4966-88B9-C472F5EFC71B}.Release|Any CPU.Build.0 = Release|Any CPU
		{AC91C2F4-003C-4320-A16B-1D1E4DCE6171}.Debug|Any CPU.ActiveCfg = Debug|Any CPU
		{AC91C2F4-003C-4320-A16B-1D1E4DCE6171}.Debug|Any CPU.Build.0 = Debug|Any CPU
		{AC91C2F4-003C-4320-A16B-1D1E4DCE6171}.Release|Any CPU.ActiveCfg = Release|Any CPU
		{AC91C2F4-003C-4320-A16B-1D1E4DCE6171}.Release|Any CPU.Build.0 = Release|Any CPU
		{867FB730-257A-4F97-86B0-8D1006EDEBB5}.Debug|Any CPU.ActiveCfg = Debug|Any CPU
		{867FB730-257A-4F97-86B0-8D1006EDEBB5}.Debug|Any CPU.Build.0 = Debug|Any CPU
		{867FB730-257A-4F97-86B0-8D1006EDEBB5}.Release|Any CPU.ActiveCfg = Release|Any CPU
		{867FB730-257A-4F97-86B0-8D1006EDEBB5}.Release|Any CPU.Build.0 = Release|Any CPU
		{089835DC-8895-41BE-8ACA-38BA25468A51}.Debug|Any CPU.ActiveCfg = Debug|Any CPU
		{089835DC-8895-41BE-8ACA-38BA25468A51}.Debug|Any CPU.Build.0 = Debug|Any CPU
		{089835DC-8895-41BE-8ACA-38BA25468A51}.Release|Any CPU.ActiveCfg = Release|Any CPU
		{089835DC-8895-41BE-8ACA-38BA25468A51}.Release|Any CPU.Build.0 = Release|Any CPU
		{34924EFB-4E9B-406C-A610-50AB22199ED2}.Debug|Any CPU.ActiveCfg = Debug|Any CPU
		{34924EFB-4E9B-406C-A610-50AB22199ED2}.Debug|Any CPU.Build.0 = Debug|Any CPU
		{34924EFB-4E9B-406C-A610-50AB22199ED2}.Release|Any CPU.ActiveCfg = Release|Any CPU
		{34924EFB-4E9B-406C-A610-50AB22199ED2}.Release|Any CPU.Build.0 = Release|Any CPU
	EndGlobalSection
	GlobalSection(SolutionProperties) = preSolution
		HideSolutionNode = FALSE
	EndGlobalSection
	GlobalSection(NestedProjects) = preSolution
		{79B250C2-A3DC-47D5-A93F-D0FCF9D9D3A2} = {02EA681E-C7D8-13C7-8484-4AC65E1B71E8}
		{1A6105D5-E57F-4966-88B9-C472F5EFC71B} = {02EA681E-C7D8-13C7-8484-4AC65E1B71E8}
		{AC91C2F4-003C-4320-A16B-1D1E4DCE6171} = {02EA681E-C7D8-13C7-8484-4AC65E1B71E8}
		{867FB730-257A-4F97-86B0-8D1006EDEBB5} = {C4A290A8-9C29-47B5-9ED4-8CDB81474A09}
		{089835DC-8895-41BE-8ACA-38BA25468A51} = {C4A290A8-9C29-47B5-9ED4-8CDB81474A09}
		{34924EFB-4E9B-406C-A610-50AB22199ED2} = {C4A290A8-9C29-47B5-9ED4-8CDB81474A09}
	EndGlobalSection
	GlobalSection(ExtensibilityGlobals) = postSolution
		SolutionGuid = {E650D4C8-BEB1-4FFA-A89A-F92042A1A164}
	EndGlobalSection
EndGlobal
